
Microsoft Visual Studio Solution File, Format Version 12.00
# Visual Studio Version 17
VisualStudioVersion = 17.1.32228.430
MinimumVisualStudioVersion = 10.0.40219.1
Project("{FAE04EC0-301F-11D3-BF4B-00C04F79EFBC}") = "coteo", "coteo\coteo.csproj", "{EF3BC7D1-A44A-412E-A6E4-6B9321ED227C}"
EndProject
Global
	GlobalSection(SolutionConfigurationPlatforms) = preSolution
		Debug|Any CPU = Debug|Any CPU
		Release|Any CPU = Release|Any CPU
	EndGlobalSection
	GlobalSection(ProjectConfigurationPlatforms) = postSolution
		{EF3BC7D1-A44A-412E-A6E4-6B9321ED227C}.Debug|Any CPU.ActiveCfg = Debug|Any CPU
		{EF3BC7D1-A44A-412E-A6E4-6B9321ED227C}.Debug|Any CPU.Build.0 = Debug|Any CPU
		{EF3BC7D1-A44A-412E-A6E4-6B9321ED227C}.Release|Any CPU.ActiveCfg = Release|Any CPU
		{EF3BC7D1-A44A-412E-A6E4-6B9321ED227C}.Release|Any CPU.Build.0 = Release|Any CPU
	EndGlobalSection
	GlobalSection(SolutionProperties) = preSolution
		HideSolutionNode = FALSE
	EndGlobalSection
	GlobalSection(ExtensibilityGlobals) = postSolution
		SolutionGuid = {1AFA086E-14E0-490D-99FC-CED9F6DE4CA0}
	EndGlobalSection
EndGlobal
